lockfileVersion: '9.0'

settings:
  autoInstallPeers: true
  excludeLinksFromLockfile: false

importers:

  .:
    dependencies:
      '@toon-format/toon':
        specifier: ^2.1.0
        version: 2.1.0
      commander:
        specifier: ^12.0.0
        version: 12.1.0

packages:

  '@toon-format/toon@2.1.0':
    resolution: {integrity: sha512-JwWptdF5eOA0HaQxbKAzkpQtR4wSWTEfDlEy/y3/4okmOAX1qwnpLZMmtEWr+ncAhTTY1raCKH0kteHhSXnQqg==}

  commander@12.1.0:
    resolution: {integrity: sha512-Vw8qHK3bZM9y/P10u3Vib8o/DdkvA2OtPtZvD871QKjy74Wj1WSKFILMPRPSdUSx5RFK1arlJzEtA4PkFgnbuA==}
    engines: {node: '>=18'}

snapshots:

  '@toon-format/toon@2.1.0': {}

  commander@12.1.0: {}
